
Microsoft Visual Studio Solution File, Format Version 12.00
# Visual Studio Version 17
VisualStudioVersion = 17.6.33829.357
MinimumVisualStudioVersion = 10.0.40219.1
Project("{9A19103F-16F7-4668-BE54-9A1E7A4F7556}") = "VUA.Core", "VUA.Core\VUA.Core.csproj", "{A790C594-3B6B-419F-B13E-9246BC9DF293}"
EndProject
Project("{9A19103F-16F7-4668-BE54-9A1E7A4F7556}") = "VUA.EF", "VUA.EF\VUA.EF.csproj", "{703B9270-09AB-4758-8195-61F2513CB1E8}"
EndProject
Project("{FAE04EC0-301F-11D3-BF4B-00C04F79EFBC}") = "VUA.UI", "VUA.UI\VUA.UI.csproj", "{B99F0A53-A14F-4F32-AEB0-87210ECF3BCF}"
EndProject
Global
	GlobalSection(SolutionConfigurationPlatforms) = preSolution
		Debug|Any CPU = Debug|Any CPU
		Release|Any CPU = Release|Any CPU
	EndGlobalSection
	GlobalSection(ProjectConfigurationPlatforms) = postSolution
		{A790C594-3B6B-419F-B13E-9246BC9DF293}.Debug|Any CPU.ActiveCfg = Debug|Any CPU
		{A790C594-3B6B-419F-B13E-9246BC9DF293}.Debug|Any CPU.Build.0 = Debug|Any CPU
		{A790C594-3B6B-419F-B13E-9246BC9DF293}.Release|Any CPU.ActiveCfg = Release|Any CPU
		{A790C594-3B6B-419F-B13E-9246BC9DF293}.Release|Any CPU.Build.0 = Release|Any CPU
		{703B9270-09AB-4758-8195-61F2513CB1E8}.Debug|Any CPU.ActiveCfg = Debug|Any CPU
		{703B9270-09AB-4758-8195-61F2513CB1E8}.Debug|Any CPU.Build.0 = Debug|Any CPU
		{703B9270-09AB-4758-8195-61F2513CB1E8}.Release|Any CPU.ActiveCfg = Release|Any CPU
		{703B9270-09AB-4758-8195-61F2513CB1E8}.Release|Any CPU.Build.0 = Release|Any CPU
		{B99F0A53-A14F-4F32-AEB0-87210ECF3BCF}.Debug|Any CPU.ActiveCfg = Debug|Any CPU
		{B99F0A53-A14F-4F32-AEB0-87210ECF3BCF}.Debug|Any CPU.Build.0 = Debug|Any CPU
		{B99F0A53-A14F-4F32-AEB0-87210ECF3BCF}.Release|Any CPU.ActiveCfg = Release|Any CPU
		{B99F0A53-A14F-4F32-AEB0-87210ECF3BCF}.Release|Any CPU.Build.0 = Release|Any CPU
	EndGlobalSection
	GlobalSection(SolutionProperties) = preSolution
		HideSolutionNode = FALSE
	EndGlobalSection
	GlobalSection(ExtensibilityGlobals) = postSolution
		SolutionGuid = {5E595DFA-AF1E-4987-AA2D-DC6BCB440775}
	EndGlobalSection
EndGlobal
